// !$*UTF8*$!
{
	archiveVersion = 1;
	classes = {
	};
	objectVersion = 46;
	objects = {

/* Begin PBXBuildFile section */
		4174BF77EFB9452EE58220ED /* Pods_GuillotineAppUITests.framework in Frameworks */ = {isa = PBXBuildFile; fileRef = 944930E6A718205CFFE6E53E /* Pods_GuillotineAppUITests.framework */; };
		501FD0D01E5E8A54001F2DF5 /* Backend.swift in Sources */ = {isa = PBXBuildFile; fileRef = 501FD0CF1E5E8A54001F2DF5 /* Backend.swift */; };
		505B5FB51E012A360086714C /* Game.swift in Sources */ = {isa = PBXBuildFile; fileRef = 505B5FB41E012A360086714C /* Game.swift */; };
		50FBC2A81E090A2D000E47DA /* Card_Tests.swift in Sources */ = {isa = PBXBuildFile; fileRef = 50FBC2A71E090A2D000E47DA /* Card_Tests.swift */; };
		50FBC2AA1E0915BA000E47DA /* CardButton.swift in Sources */ = {isa = PBXBuildFile; fileRef = 50FBC2A91E0915BA000E47DA /* CardButton.swift */; };
		5543D5143BD068178AE1BC1B /* Pods_GuillotineAppTests.framework in Frameworks */ = {isa = PBXBuildFile; fileRef = 6BFE59CFD91190EB6ED01E32 /* Pods_GuillotineAppTests.framework */; };
		680395422140C866000B4EB4 /* GamesViewController.swift in Sources */ = {isa = PBXBuildFile; fileRef = 680395412140C866000B4EB4 /* GamesViewController.swift */; };
		68039544214223FA000B4EB4 /* GameCell.swift in Sources */ = {isa = PBXBuildFile; fileRef = 68039543214223FA000B4EB4 /* GameCell.swift */; };
		6803954721422D23000B4EB4 /* LoadBalancer.swift in Sources */ = {isa = PBXBuildFile; fileRef = 6803954621422D23000B4EB4 /* LoadBalancer.swift */; };
		68039549214233D4000B4EB4 /* GameMetadata.swift in Sources */ = {isa = PBXBuildFile; fileRef = 68039548214233D4000B4EB4 /* GameMetadata.swift */; };
		6803954B2144B4A8000B4EB4 /* HomePageViewController.swift in Sources */ = {isa = PBXBuildFile; fileRef = 6803954A2144B4A8000B4EB4 /* HomePageViewController.swift */; };
		6803954D2144B662000B4EB4 /* NewGameButton.swift in Sources */ = {isa = PBXBuildFile; fileRef = 6803954C2144B662000B4EB4 /* NewGameButton.swift */; };
		68252E362107788D0007EC86 /* CardContainer.swift in Sources */ = {isa = PBXBuildFile; fileRef = 68252E352107788D0007EC86 /* CardContainer.swift */; };
		68252E40210D12550007EC86 /* BackendTests.swift in Sources */ = {isa = PBXBuildFile; fileRef = 68252E3F210D12550007EC86 /* BackendTests.swift */; };
		68252E49210D12EC0007EC86 /* BackendIntegTests.swift in Sources */ = {isa = PBXBuildFile; fileRef = 68252E48210D12EC0007EC86 /* BackendIntegTests.swift */; };
		68325C391DF719A300E7DCDE /* PlayType.swift in Sources */ = {isa = PBXBuildFile; fileRef = 68325C381DF719A300E7DCDE /* PlayType.swift */; };
		683FF4DF215B5F3C0061FADE /* GameManagerProvider.swift in Sources */ = {isa = PBXBuildFile; fileRef = 683FF4DE215B5F3C0061FADE /* GameManagerProvider.swift */; };
		68405712215346E00078851F /* ProdGameManager.swift in Sources */ = {isa = PBXBuildFile; fileRef = 68405711215346E00078851F /* ProdGameManager.swift */; };
		68405714215B513C0078851F /* GameManager.swift in Sources */ = {isa = PBXBuildFile; fileRef = 68405713215B513C0078851F /* GameManager.swift */; };
		68405716215B52E10078851F /* TestGameManager.swift in Sources */ = {isa = PBXBuildFile; fileRef = 68405715215B52E10078851F /* TestGameManager.swift */; };
		6882FB6B2075248600DDF6CC /* Login.storyboard in Resources */ = {isa = PBXBuildFile; fileRef = 6882FB6A2075248600DDF6CC /* Login.storyboard */; };
		6882FB6D20752F3C00DDF6CC /* LoginViewController.swift in Sources */ = {isa = PBXBuildFile; fileRef = 6882FB6C20752F3C00DDF6CC /* LoginViewController.swift */; };
		688304091DEBEFD900FF59E3 /* AppDelegate.swift in Sources */ = {isa = PBXBuildFile; fileRef = 688304081DEBEFD900FF59E3 /* AppDelegate.swift */; };
		6883040B1DEBEFD900FF59E3 /* ActiveGameViewController.swift in Sources */ = {isa = PBXBuildFile; fileRef = 6883040A1DEBEFD900FF59E3 /* ActiveGameViewController.swift */; };
		6883040E1DEBEFD900FF59E3 /* Main.storyboard in Resources */ = {isa = PBXBuildFile; fileRef = 6883040C1DEBEFD900FF59E3 /* Main.storyboard */; };
		688304101DEBEFD900FF59E3 /* Assets.xcassets in Resources */ = {isa = PBXBuildFile; fileRef = 6883040F1DEBEFD900FF59E3 /* Assets.xcassets */; };
		688304131DEBEFD900FF59E3 /* LaunchScreen.storyboard in Resources */ = {isa = PBXBuildFile; fileRef = 688304111DEBEFD900FF59E3 /* LaunchScreen.storyboard */; };
		6883041E1DEBEFD900FF59E3 /* Guillotine_Tests.swift in Sources */ = {isa = PBXBuildFile; fileRef = 6883041D1DEBEFD900FF59E3 /* Guillotine_Tests.swift */; };
		688304291DEBEFD900FF59E3 /* Guillotine_UITests.swift in Sources */ = {isa = PBXBuildFile; fileRef = 688304281DEBEFD900FF59E3 /* Guillotine_UITests.swift */; };
		688304381DEBF15B00FF59E3 /* Play.swift in Sources */ = {isa = PBXBuildFile; fileRef = 688304371DEBF15B00FF59E3 /* Play.swift */; };
		6883043A1DEBF18F00FF59E3 /* Card.swift in Sources */ = {isa = PBXBuildFile; fileRef = 688304391DEBF18F00FF59E3 /* Card.swift */; };
		6883043C1DEBF34900FF59E3 /* Suit.swift in Sources */ = {isa = PBXBuildFile; fileRef = 6883043B1DEBF34900FF59E3 /* Suit.swift */; };
		6883043E1DEC210700FF59E3 /* Play_Tests.swift in Sources */ = {isa = PBXBuildFile; fileRef = 6883043D1DEC210700FF59E3 /* Play_Tests.swift */; };
		DBEFE3B422D25A5507D440D9 /* Pods_GuillotineApp.framework in Frameworks */ = {isa = PBXBuildFile; fileRef = 5A9A50C954D3F39CF519571B /* Pods_GuillotineApp.framework */; };
/* End PBXBuildFile section */

/* Begin PBXContainerItemProxy section */
		68252E42210D12550007EC86 /* PBXContainerItemProxy */ = {
			isa = PBXContainerItemProxy;
			containerPortal = 688303FD1DEBEFD900FF59E3 /* Project object */;
			proxyType = 1;
			remoteGlobalIDString = 688304041DEBEFD900FF59E3;
			remoteInfo = GuillotineApp;
		};
		6883041A1DEBEFD900FF59E3 /* PBXContainerItemProxy */ = {
			isa = PBXContainerItemProxy;
			containerPortal = 688303FD1DEBEFD900FF59E3 /* Project object */;
			proxyType = 1;
			remoteGlobalIDString = 688304041DEBEFD900FF59E3;
			remoteInfo = "Guillotine!";
		};
		688304251DEBEFD900FF59E3 /* PBXContainerItemProxy */ = {
			isa = PBXContainerItemProxy;
			containerPortal = 688303FD1DEBEFD900FF59E3 /* Project object */;
			proxyType = 1;
			remoteGlobalIDString = 688304041DEBEFD900FF59E3;
			remoteInfo = "Guillotine!";
		};
/* End PBXContainerItemProxy section */

/* Begin PBXFileReference section */
		12FE03E090B6046D68AE36FC /* Pods-GuillotineAppUITests.release.xcconfig */ = {isa = PBXFileReference; includeInIndex = 1; lastKnownFileType = text.xcconfig; name = "Pods-GuillotineAppUITests.release.xcconfig"; path = "Pods/Target Support Files/Pods-GuillotineAppUITests/Pods-GuillotineAppUITests.release.xcconfig"; sourceTree = "<group>"; };
		1585BCC944747BCD18E709A7 /* Pods-GuillotineAppTests.release.xcconfig */ = {isa = PBXFileReference; includeInIndex = 1; lastKnownFileType = text.xcconfig; name = "Pods-GuillotineAppTests.release.xcconfig"; path = "Pods/Target Support Files/Pods-GuillotineAppTests/Pods-GuillotineAppTests.release.xcconfig"; sourceTree = "<group>"; };
		229575EC56D78167F47B94BC /* Pods-GuillotineApp.release.xcconfig */ = {isa = PBXFileReference; includeInIndex = 1; lastKnownFileType = text.xcconfig; name = "Pods-GuillotineApp.release.xcconfig"; path = "Pods/Target Support Files/Pods-GuillotineApp/Pods-GuillotineApp.release.xcconfig"; sourceTree = "<group>"; };
		501FD0CF1E5E8A54001F2DF5 /* Backend.swift */ = {isa = PBXFileReference; fileEncoding = 4; lastKnownFileType = sourcecode.swift; path = Backend.swift; sourceTree = "<group>"; };
		505B5FB41E012A360086714C /* Game.swift */ = {isa = PBXFileReference; fileEncoding = 4; lastKnownFileType = sourcecode.swift; path = Game.swift; sourceTree = "<group>"; };
		50FBC2A71E090A2D000E47DA /* Card_Tests.swift */ = {isa = PBXFileReference; fileEncoding = 4; lastKnownFileType = sourcecode.swift; path = Card_Tests.swift; sourceTree = "<group>"; };
		50FBC2A91E0915BA000E47DA /* CardButton.swift */ = {isa = PBXFileReference; fileEncoding = 4; lastKnownFileType = sourcecode.swift; path = CardButton.swift; sourceTree = "<group>"; };
		5A9A50C954D3F39CF519571B /* Pods_GuillotineApp.framework */ = {isa = PBXFileReference; explicitFileType = wrapper.framework; includeInIndex = 0; path = Pods_GuillotineApp.framework; sourceTree = BUILT_PRODUCTS_DIR; };
		67E9A58B63AF39BD6FB76A5D /* Pods-GuillotineAppUITests.debug.xcconfig */ = {isa = PBXFileReference; includeInIndex = 1; lastKnownFileType = text.xcconfig; name = "Pods-GuillotineAppUITests.debug.xcconfig"; path = "Pods/Target Support Files/Pods-GuillotineAppUITests/Pods-GuillotineAppUITests.debug.xcconfig"; sourceTree = "<group>"; };
		680395412140C866000B4EB4 /* GamesViewController.swift */ = {isa = PBXFileReference; lastKnownFileType = sourcecode.swift; path = GamesViewController.swift; sourceTree = "<group>"; };
		68039543214223FA000B4EB4 /* GameCell.swift */ = {isa = PBXFileReference; lastKnownFileType = sourcecode.swift; path = GameCell.swift; sourceTree = "<group>"; };
		6803954621422D23000B4EB4 /* LoadBalancer.swift */ = {isa = PBXFileReference; lastKnownFileType = sourcecode.swift; path = LoadBalancer.swift; sourceTree = "<group>"; };
		68039548214233D4000B4EB4 /* GameMetadata.swift */ = {isa = PBXFileReference; lastKnownFileType = sourcecode.swift; path = GameMetadata.swift; sourceTree = "<group>"; };
		6803954A2144B4A8000B4EB4 /* HomePageViewController.swift */ = {isa = PBXFileReference; lastKnownFileType = sourcecode.swift; path = HomePageViewController.swift; sourceTree = "<group>"; };
		6803954C2144B662000B4EB4 /* NewGameButton.swift */ = {isa = PBXFileReference; lastKnownFileType = sourcecode.swift; path = NewGameButton.swift; sourceTree = "<group>"; };
		68252E352107788D0007EC86 /* CardContainer.swift */ = {isa = PBXFileReference; lastKnownFileType = sourcecode.swift; path = CardContainer.swift; sourceTree = "<group>"; };
		68252E3D210D12550007EC86 /* BackendTests.xctest */ = {isa = PBXFileReference; explicitFileType = wrapper.cfbundle; includeInIndex = 0; path = BackendTests.xctest; sourceTree = BUILT_PRODUCTS_DIR; };
		68252E3F210D12550007EC86 /* BackendTests.swift */ = {isa = PBXFileReference; lastKnownFileType = sourcecode.swift; path = BackendTests.swift; sourceTree = "<group>"; };
		68252E41210D12550007EC86 /* Info.plist */ = {isa = PBXFileReference; lastKnownFileType = text.plist.xml; path = Info.plist; sourceTree = "<group>"; };
		68252E48210D12EC0007EC86 /* BackendIntegTests.swift */ = {isa = PBXFileReference; lastKnownFileType = sourcecode.swift; path = BackendIntegTests.swift; sourceTree = "<group>"; };
		68325C381DF719A300E7DCDE /* PlayType.swift */ = {isa = PBXFileReference; fileEncoding = 4; lastKnownFileType = sourcecode.swift; path = PlayType.swift; sourceTree = "<group>"; };
		683FF4DE215B5F3C0061FADE /* GameManagerProvider.swift */ = {isa = PBXFileReference; lastKnownFileType = sourcecode.swift; path = GameManagerProvider.swift; sourceTree = "<group>"; };
		68405711215346E00078851F /* ProdGameManager.swift */ = {isa = PBXFileReference; lastKnownFileType = sourcecode.swift; path = ProdGameManager.swift; sourceTree = "<group>"; };
		68405713215B513C0078851F /* GameManager.swift */ = {isa = PBXFileReference; lastKnownFileType = sourcecode.swift; path = GameManager.swift; sourceTree = "<group>"; };
		68405715215B52E10078851F /* TestGameManager.swift */ = {isa = PBXFileReference; lastKnownFileType = sourcecode.swift; path = TestGameManager.swift; sourceTree = "<group>"; };
		6882FB6A2075248600DDF6CC /* Login.storyboard */ = {isa = PBXFileReference; lastKnownFileType = file.storyboard; path = Login.storyboard; sourceTree = "<group>"; };
		6882FB6C20752F3C00DDF6CC /* LoginViewController.swift */ = {isa = PBXFileReference; lastKnownFileType = sourcecode.swift; path = LoginViewController.swift; sourceTree = "<group>"; };
		688304051DEBEFD900FF59E3 /* GuillotineApp.app */ = {isa = PBXFileReference; explicitFileType = wrapper.application; includeInIndex = 0; path = GuillotineApp.app; sourceTree = BUILT_PRODUCTS_DIR; };
		688304081DEBEFD900FF59E3 /* AppDelegate.swift */ = {isa = PBXFileReference; lastKnownFileType = sourcecode.swift; path = AppDelegate.swift; sourceTree = "<group>"; };
		6883040A1DEBEFD900FF59E3 /* ActiveGameViewController.swift */ = {isa = PBXFileReference; lastKnownFileType = sourcecode.swift; path = ActiveGameViewController.swift; sourceTree = "<group>"; };
		6883040D1DEBEFD900FF59E3 /* Base */ = {isa = PBXFileReference; lastKnownFileType = file.storyboard; name = Base; path = Base.lproj/Main.storyboard; sourceTree = "<group>"; };
		6883040F1DEBEFD900FF59E3 /* Assets.xcassets */ = {isa = PBXFileReference; lastKnownFileType = folder.assetcatalog; path = Assets.xcassets; sourceTree = "<group>"; };
		688304121DEBEFD900FF59E3 /* Base */ = {isa = PBXFileReference; lastKnownFileType = file.storyboard; name = Base; path = Base.lproj/LaunchScreen.storyboard; sourceTree = "<group>"; };
		688304141DEBEFD900FF59E3 /* Info.plist */ = {isa = PBXFileReference; lastKnownFileType = text.plist.xml; path = Info.plist; sourceTree = "<group>"; };
		688304191DEBEFD900FF59E3 /* GuillotineAppTests.xctest */ = {isa = PBXFileReference; explicitFileType = wrapper.cfbundle; includeInIndex = 0; path = GuillotineAppTests.xctest; sourceTree = BUILT_PRODUCTS_DIR; };
		6883041D1DEBEFD900FF59E3 /* Guillotine_Tests.swift */ = {isa = PBXFileReference; lastKnownFileType = sourcecode.swift; path = Guillotine_Tests.swift; sourceTree = "<group>"; };
		6883041F1DEBEFD900FF59E3 /* Info.plist */ = {isa = PBXFileReference; lastKnownFileType = text.plist.xml; path = Info.plist; sourceTree = "<group>"; };
		688304241DEBEFD900FF59E3 /* GuillotineAppUITests.xctest */ = {isa = PBXFileReference; explicitFileType = wrapper.cfbundle; includeInIndex = 0; path = GuillotineAppUITests.xctest; sourceTree = BUILT_PRODUCTS_DIR; };
		688304281DEBEFD900FF59E3 /* Guillotine_UITests.swift */ = {isa = PBXFileReference; lastKnownFileType = sourcecode.swift; path = Guillotine_UITests.swift; sourceTree = "<group>"; };
		6883042A1DEBEFD900FF59E3 /* Info.plist */ = {isa = PBXFileReference; lastKnownFileType = text.plist.xml; path = Info.plist; sourceTree = "<group>"; };
		688304371DEBF15B00FF59E3 /* Play.swift */ = {isa = PBXFileReference; fileEncoding = 4; lastKnownFileType = sourcecode.swift; path = Play.swift; sourceTree = "<group>"; };
		688304391DEBF18F00FF59E3 /* Card.swift */ = {isa = PBXFileReference; fileEncoding = 4; lastKnownFileType = sourcecode.swift; path = Card.swift; sourceTree = "<group>"; };
		6883043B1DEBF34900FF59E3 /* Suit.swift */ = {isa = PBXFileReference; fileEncoding = 4; lastKnownFileType = sourcecode.swift; path = Suit.swift; sourceTree = "<group>"; };
		6883043D1DEC210700FF59E3 /* Play_Tests.swift */ = {isa = PBXFileReference; fileEncoding = 4; lastKnownFileType = sourcecode.swift; path = Play_Tests.swift; sourceTree = "<group>"; };
		6BFE59CFD91190EB6ED01E32 /* Pods_GuillotineAppTests.framework */ = {isa = PBXFileReference; explicitFileType = wrapper.framework; includeInIndex = 0; path = Pods_GuillotineAppTests.framework; sourceTree = BUILT_PRODUCTS_DIR; };
		944930E6A718205CFFE6E53E /* Pods_GuillotineAppUITests.framework */ = {isa = PBXFileReference; explicitFileType = wrapper.framework; includeInIndex = 0; path = Pods_GuillotineAppUITests.framework; sourceTree = BUILT_PRODUCTS_DIR; };
		ADD959B756FDDEF8CE50AAFD /* Pods-GuillotineAppTests.debug.xcconfig */ = {isa = PBXFileReference; includeInIndex = 1; lastKnownFileType = text.xcconfig; name = "Pods-GuillotineAppTests.debug.xcconfig"; path = "Pods/Target Support Files/Pods-GuillotineAppTests/Pods-GuillotineAppTests.debug.xcconfig"; sourceTree = "<group>"; };
		BD34F640E336000DD7DEFEAC /* Pods-GuillotineApp.debug.xcconfig */ = {isa = PBXFileReference; includeInIndex = 1; lastKnownFileType = text.xcconfig; name = "Pods-GuillotineApp.debug.xcconfig"; path = "Pods/Target Support Files/Pods-GuillotineApp/Pods-GuillotineApp.debug.xcconfig"; sourceTree = "<group>"; };
/* End PBXFileReference section */

/* Begin PBXFrameworksBuildPhase section */
		68252E3A210D12550007EC86 /* Frameworks */ = {
			isa = PBXFrameworksBuildPhase;
			buildActionMask = 2147483647;
			files = (
			);
			runOnlyForDeploymentPostprocessing = 0;
		};
		688304021DEBEFD900FF59E3 /* Frameworks */ = {
			isa = PBXFrameworksBuildPhase;
			buildActionMask = 2147483647;
			files = (
				DBEFE3B422D25A5507D440D9 /* Pods_GuillotineApp.framework in Frameworks */,
			);
			runOnlyForDeploymentPostprocessing = 0;
		};
		688304161DEBEFD900FF59E3 /* Frameworks */ = {
			isa = PBXFrameworksBuildPhase;
			buildActionMask = 2147483647;
			files = (
				5543D5143BD068178AE1BC1B /* Pods_GuillotineAppTests.framework in Frameworks */,
			);
			runOnlyForDeploymentPostprocessing = 0;
		};
		688304211DEBEFD900FF59E3 /* Frameworks */ = {
			isa = PBXFrameworksBuildPhase;
			buildActionMask = 2147483647;
			files = (
				4174BF77EFB9452EE58220ED /* Pods_GuillotineAppUITests.framework in Frameworks */,
			);
			runOnlyForDeploymentPostprocessing = 0;
		};
/* End PBXFrameworksBuildPhase section */

/* Begin PBXGroup section */
		680395402140C748000B4EB4 /* HomePage */ = {
			isa = PBXGroup;
			children = (
				680395412140C866000B4EB4 /* GamesViewController.swift */,
				68039543214223FA000B4EB4 /* GameCell.swift */,
				6803954A2144B4A8000B4EB4 /* HomePageViewController.swift */,
				6803954C2144B662000B4EB4 /* NewGameButton.swift */,
			);
			path = HomePage;
			sourceTree = "<group>";
		};
		6803954521422CF7000B4EB4 /* Backend */ = {
			isa = PBXGroup;
			children = (
				501FD0CF1E5E8A54001F2DF5 /* Backend.swift */,
				6803954621422D23000B4EB4 /* LoadBalancer.swift */,
				68039548214233D4000B4EB4 /* GameMetadata.swift */,
			);
			path = Backend;
			sourceTree = "<group>";
		};
		68252E332107771B0007EC86 /* Play */ = {
			isa = PBXGroup;
			children = (
				50FBC2A91E0915BA000E47DA /* CardButton.swift */,
				68252E352107788D0007EC86 /* CardContainer.swift */,
			);
			path = Play;
			sourceTree = "<group>";
		};
		68252E342107772A0007EC86 /* GameLogic */ = {
			isa = PBXGroup;
			children = (
				505B5FB41E012A360086714C /* Game.swift */,
				6883043B1DEBF34900FF59E3 /* Suit.swift */,
				68325C381DF719A300E7DCDE /* PlayType.swift */,
				688304391DEBF18F00FF59E3 /* Card.swift */,
				688304371DEBF15B00FF59E3 /* Play.swift */,
			);
			path = GameLogic;
			sourceTree = "<group>";
		};
		68252E3E210D12550007EC86 /* BackendTests */ = {
			isa = PBXGroup;
			children = (
				68252E3F210D12550007EC86 /* BackendTests.swift */,
				68252E41210D12550007EC86 /* Info.plist */,
			);
			path = BackendTests;
			sourceTree = "<group>";
		};
		68252E4A210D33A70007EC86 /* ViewContollers */ = {
			isa = PBXGroup;
			children = (
				6883040A1DEBEFD900FF59E3 /* ActiveGameViewController.swift */,
			);
			path = ViewContollers;
			sourceTree = "<group>";
		};
		68405710215345E80078851F /* GameManagers */ = {
			isa = PBXGroup;
			children = (
				68405711215346E00078851F /* ProdGameManager.swift */,
				68405713215B513C0078851F /* GameManager.swift */,
				68405715215B52E10078851F /* TestGameManager.swift */,
				683FF4DE215B5F3C0061FADE /* GameManagerProvider.swift */,
			);
			path = GameManagers;
			sourceTree = "<group>";
		};
		6882FB652074EDF700DDF6CC /* Login */ = {
			isa = PBXGroup;
			children = (
				6882FB6A2075248600DDF6CC /* Login.storyboard */,
				6882FB6C20752F3C00DDF6CC /* LoginViewController.swift */,
			);
			path = Login;
			sourceTree = "<group>";
		};
		688303FC1DEBEFD900FF59E3 = {
			isa = PBXGroup;
			children = (
				688304071DEBEFD900FF59E3 /* GuillotineApp */,
				6883041C1DEBEFD900FF59E3 /* Guillotine!Tests */,
				688304271DEBEFD900FF59E3 /* Guillotine!UITests */,
				68252E3E210D12550007EC86 /* BackendTests */,
				688304061DEBEFD900FF59E3 /* Products */,
				6D67563136B2C8D7A95FED2C /* Pods */,
				A1D18BE17BB89289F81FB8F9 /* Frameworks */,
			);
			sourceTree = "<group>";
		};
		688304061DEBEFD900FF59E3 /* Products */ = {
			isa = PBXGroup;
			children = (
				688304051DEBEFD900FF59E3 /* GuillotineApp.app */,
				688304191DEBEFD900FF59E3 /* GuillotineAppTests.xctest */,
				688304241DEBEFD900FF59E3 /* GuillotineAppUITests.xctest */,
				68252E3D210D12550007EC86 /* BackendTests.xctest */,
			);
			name = Products;
			sourceTree = "<group>";
		};
		688304071DEBEFD900FF59E3 /* GuillotineApp */ = {
			isa = PBXGroup;
			children = (
				68405710215345E80078851F /* GameManagers */,
				6803954521422CF7000B4EB4 /* Backend */,
				680395402140C748000B4EB4 /* HomePage */,
				68252E4A210D33A70007EC86 /* ViewContollers */,
				68252E342107772A0007EC86 /* GameLogic */,
				68252E332107771B0007EC86 /* Play */,
				6882FB652074EDF700DDF6CC /* Login */,
				688304081DEBEFD900FF59E3 /* AppDelegate.swift */,
				6883040C1DEBEFD900FF59E3 /* Main.storyboard */,
				6883040F1DEBEFD900FF59E3 /* Assets.xcassets */,
				688304111DEBEFD900FF59E3 /* LaunchScreen.storyboard */,
				688304141DEBEFD900FF59E3 /* Info.plist */,
			);
			name = GuillotineApp;
			path = "Guillotine!";
			sourceTree = "<group>";
		};
		6883041C1DEBEFD900FF59E3 /* Guillotine!Tests */ = {
			isa = PBXGroup;
			children = (
				6883041D1DEBEFD900FF59E3 /* Guillotine_Tests.swift */,
				6883041F1DEBEFD900FF59E3 /* Info.plist */,
				6883043D1DEC210700FF59E3 /* Play_Tests.swift */,
				50FBC2A71E090A2D000E47DA /* Card_Tests.swift */,
				68252E48210D12EC0007EC86 /* BackendIntegTests.swift */,
			);
			path = "Guillotine!Tests";
			sourceTree = "<group>";
		};
		688304271DEBEFD900FF59E3 /* Guillotine!UITests */ = {
			isa = PBXGroup;
			children = (
				688304281DEBEFD900FF59E3 /* Guillotine_UITests.swift */,
				6883042A1DEBEFD900FF59E3 /* Info.plist */,
			);
			path = "Guillotine!UITests";
			sourceTree = "<group>";
		};
		6D67563136B2C8D7A95FED2C /* Pods */ = {
			isa = PBXGroup;
			children = (
				BD34F640E336000DD7DEFEAC /* Pods-GuillotineApp.debug.xcconfig */,
				229575EC56D78167F47B94BC /* Pods-GuillotineApp.release.xcconfig */,
				ADD959B756FDDEF8CE50AAFD /* Pods-GuillotineAppTests.debug.xcconfig */,
				1585BCC944747BCD18E709A7 /* Pods-GuillotineAppTests.release.xcconfig */,
				67E9A58B63AF39BD6FB76A5D /* Pods-GuillotineAppUITests.debug.xcconfig */,
				12FE03E090B6046D68AE36FC /* Pods-GuillotineAppUITests.release.xcconfig */,
			);
			name = Pods;
			sourceTree = "<group>";
		};
		A1D18BE17BB89289F81FB8F9 /* Frameworks */ = {
			isa = PBXGroup;
			children = (
				5A9A50C954D3F39CF519571B /* Pods_GuillotineApp.framework */,
				6BFE59CFD91190EB6ED01E32 /* Pods_GuillotineAppTests.framework */,
				944930E6A718205CFFE6E53E /* Pods_GuillotineAppUITests.framework */,
			);
			name = Frameworks;
			sourceTree = "<group>";
		};
/* End PBXGroup section */

/* Begin PBXNativeTarget section */
		68252E3C210D12550007EC86 /* BackendTests */ = {
			isa = PBXNativeTarget;
			buildConfigurationList = 68252E44210D12550007EC86 /* Build configuration list for PBXNativeTarget "BackendTests" */;
			buildPhases = (
				68252E39210D12550007EC86 /* Sources */,
				68252E3A210D12550007EC86 /* Frameworks */,
				68252E3B210D12550007EC86 /* Resources */,
			);
			buildRules = (
			);
			dependencies = (
				68252E43210D12550007EC86 /* PBXTargetDependency */,
			);
			name = BackendTests;
			productName = BackendTests;
			productReference = 68252E3D210D12550007EC86 /* BackendTests.xctest */;
			productType = "com.apple.product-type.bundle.unit-test";
		};
		688304041DEBEFD900FF59E3 /* GuillotineApp */ = {
			isa = PBXNativeTarget;
			buildConfigurationList = 6883042D1DEBEFD900FF59E3 /* Build configuration list for PBXNativeTarget "GuillotineApp" */;
			buildPhases = (
				7E41447882A828ADD6B7218C /* [CP] Check Pods Manifest.lock */,
				688304011DEBEFD900FF59E3 /* Sources */,
				688304021DEBEFD900FF59E3 /* Frameworks */,
				688304031DEBEFD900FF59E3 /* Resources */,
				270E728F808AFCA2A51AFEF3 /* [CP] Embed Pods Frameworks */,
				E4C67BDF702C5A9CC8BB42BD /* [CP] Copy Pods Resources */,
			);
			buildRules = (
			);
			dependencies = (
			);
			name = GuillotineApp;
			productName = "Guillotine!";
			productReference = 688304051DEBEFD900FF59E3 /* GuillotineApp.app */;
			productType = "com.apple.product-type.application";
		};
		688304181DEBEFD900FF59E3 /* GuillotineAppTests */ = {
			isa = PBXNativeTarget;
			buildConfigurationList = 688304301DEBEFD900FF59E3 /* Build configuration list for PBXNativeTarget "GuillotineAppTests" */;
			buildPhases = (
				A12FE4E8F6956133464F5EAF /* [CP] Check Pods Manifest.lock */,
				688304151DEBEFD900FF59E3 /* Sources */,
				688304161DEBEFD900FF59E3 /* Frameworks */,
				688304171DEBEFD900FF59E3 /* Resources */,
				D510294CFE99189A3E13792A /* [CP] Embed Pods Frameworks */,
				547B9E41699D99ADB209FFA9 /* [CP] Copy Pods Resources */,
			);
			buildRules = (
			);
			dependencies = (
				6883041B1DEBEFD900FF59E3 /* PBXTargetDependency */,
			);
			name = GuillotineAppTests;
			productName = "Guillotine!Tests";
			productReference = 688304191DEBEFD900FF59E3 /* GuillotineAppTests.xctest */;
			productType = "com.apple.product-type.bundle.unit-test";
		};
		688304231DEBEFD900FF59E3 /* GuillotineAppUITests */ = {
			isa = PBXNativeTarget;
			buildConfigurationList = 688304331DEBEFD900FF59E3 /* Build configuration list for PBXNativeTarget "GuillotineAppUITests" */;
			buildPhases = (
				5C3889719FE0E699C4E827AA /* [CP] Check Pods Manifest.lock */,
				688304201DEBEFD900FF59E3 /* Sources */,
				688304211DEBEFD900FF59E3 /* Frameworks */,
				688304221DEBEFD900FF59E3 /* Resources */,
				911493F2F1609008B47F56DC /* [CP] Embed Pods Frameworks */,
				DC100E1DF4BBB4F2CFA6CA29 /* [CP] Copy Pods Resources */,
			);
			buildRules = (
			);
			dependencies = (
				688304261DEBEFD900FF59E3 /* PBXTargetDependency */,
			);
			name = GuillotineAppUITests;
			productName = "Guillotine!UITests";
			productReference = 688304241DEBEFD900FF59E3 /* GuillotineAppUITests.xctest */;
			productType = "com.apple.product-type.bundle.ui-testing";
		};
/* End PBXNativeTarget section */

/* Begin PBXProject section */
		688303FD1DEBEFD900FF59E3 /* Project object */ = {
			isa = PBXProject;
			attributes = {
				LastSwiftUpdateCheck = 0930;
				LastUpgradeCheck = 0920;
				ORGANIZATIONNAME = "Joseph Kesting";
				TargetAttributes = {
					68252E3C210D12550007EC86 = {
						CreatedOnToolsVersion = 9.3;
						ProvisioningStyle = Automatic;
						TestTargetID = 688304041DEBEFD900FF59E3;
					};
					688304041DEBEFD900FF59E3 = {
						CreatedOnToolsVersion = 8.1;
						LastSwiftMigration = 0920;
						ProvisioningStyle = Automatic;
					};
					688304181DEBEFD900FF59E3 = {
						CreatedOnToolsVersion = 8.1;
						LastSwiftMigration = 0920;
						ProvisioningStyle = Automatic;
						TestTargetID = 688304041DEBEFD900FF59E3;
					};
					688304231DEBEFD900FF59E3 = {
						CreatedOnToolsVersion = 8.1;
						LastSwiftMigration = 0920;
						ProvisioningStyle = Automatic;
						TestTargetID = 688304041DEBEFD900FF59E3;
					};
				};
			};
			buildConfigurationList = 688304001DEBEFD900FF59E3 /* Build configuration list for PBXProject "GuillotineApp" */;
			compatibilityVersion = "Xcode 3.2";
			developmentRegion = English;
			hasScannedForEncodings = 0;
			knownRegions = (
				en,
				Base,
			);
			mainGroup = 688303FC1DEBEFD900FF59E3;
			productRefGroup = 688304061DEBEFD900FF59E3 /* Products */;
			projectDirPath = "";
			projectRoot = "";
			targets = (
				688304041DEBEFD900FF59E3 /* GuillotineApp */,
				688304181DEBEFD900FF59E3 /* GuillotineAppTests */,
				688304231DEBEFD900FF59E3 /* GuillotineAppUITests */,
				68252E3C210D12550007EC86 /* BackendTests */,
			);
		};
/* End PBXProject section */

/* Begin PBXResourcesBuildPhase section */
		68252E3B210D12550007EC86 /* Resources */ = {
			isa = PBXResourcesBuildPhase;
			buildActionMask = 2147483647;
			files = (
			);
			runOnlyForDeploymentPostprocessing = 0;
		};
		688304031DEBEFD900FF59E3 /* Resources */ = {
			isa = PBXResourcesBuildPhase;
			buildActionMask = 2147483647;
			files = (
				6882FB6B2075248600DDF6CC /* Login.storyboard in Resources */,
				688304131DEBEFD900FF59E3 /* LaunchScreen.storyboard in Resources */,
				688304101DEBEFD900FF59E3 /* Assets.xcassets in Resources */,
				6883040E1DEBEFD900FF59E3 /* Main.storyboard in Resources */,
			);
			runOnlyForDeploymentPostprocessing = 0;
		};
		688304171DEBEFD900FF59E3 /* Resources */ = {
			isa = PBXResourcesBuildPhase;
			buildActionMask = 2147483647;
			files = (
			);
			runOnlyForDeploymentPostprocessing = 0;
		};
		688304221DEBEFD900FF59E3 /* Resources */ = {
			isa = PBXResourcesBuildPhase;
			buildActionMask = 2147483647;
			files = (
			);
			runOnlyForDeploymentPostprocessing = 0;
		};
/* End PBXResourcesBuildPhase section */

/* Begin PBXShellScriptBuildPhase section */
		270E728F808AFCA2A51AFEF3 /* [CP] Embed Pods Frameworks */ = {
			isa = PBXShellScriptBuildPhase;
			buildActionMask = 2147483647;
			files = (
			);
			inputPaths = (
				"${SRCROOT}/Pods/Target Support Files/Pods-GuillotineApp/Pods-GuillotineApp-frameworks.sh",
				"${BUILT_PRODUCTS_DIR}/AWSCognito/AWSCognito.framework",
				"${BUILT_PRODUCTS_DIR}/AWSCore/AWSCore.framework",
				"${BUILT_PRODUCTS_DIR}/Alamofire/Alamofire.framework",
				"${BUILT_PRODUCTS_DIR}/Bolts/Bolts.framework",
				"${BUILT_PRODUCTS_DIR}/FBSDKCoreKit/FBSDKCoreKit.framework",
				"${BUILT_PRODUCTS_DIR}/FBSDKLoginKit/FBSDKLoginKit.framework",
				"${BUILT_PRODUCTS_DIR}/FBSDKShareKit/FBSDKShareKit.framework",
				"${BUILT_PRODUCTS_DIR}/UICKeyChainStore/UICKeyChainStore.framework",
			);
			name = "[CP] Embed Pods Frameworks";
			outputPaths = (
				"${TARGET_BUILD_DIR}/${FRAMEWORKS_FOLDER_PATH}/AWSCognito.framework",
				"${TARGET_BUILD_DIR}/${FRAMEWORKS_FOLDER_PATH}/AWSCore.framework",
				"${TARGET_BUILD_DIR}/${FRAMEWORKS_FOLDER_PATH}/Alamofire.framework",
				"${TARGET_BUILD_DIR}/${FRAMEWORKS_FOLDER_PATH}/Bolts.framework",
				"${TARGET_BUILD_DIR}/${FRAMEWORKS_FOLDER_PATH}/FBSDKCoreKit.framework",
				"${TARGET_BUILD_DIR}/${FRAMEWORKS_FOLDER_PATH}/FBSDKLoginKit.framework",
				"${TARGET_BUILD_DIR}/${FRAMEWORKS_FOLDER_PATH}/FBSDKShareKit.framework",
				"${TARGET_BUILD_DIR}/${FRAMEWORKS_FOLDER_PATH}/UICKeyChainStore.framework",
			);
			runOnlyForDeploymentPostprocessing = 0;
			shellPath = /bin/sh;
			shellScript = "\"${SRCROOT}/Pods/Target Support Files/Pods-GuillotineApp/Pods-GuillotineApp-frameworks.sh\"\n";
			showEnvVarsInLog = 0;
		};
		547B9E41699D99ADB209FFA9 /* [CP] Copy Pods Resources */ = {
			isa = PBXShellScriptBuildPhase;
			buildActionMask = 2147483647;
			files = (
			);
			inputPaths = (
			);
			name = "[CP] Copy Pods Resources";
			outputPaths = (
			);
			runOnlyForDeploymentPostprocessing = 0;
			shellPath = /bin/sh;
			shellScript = "\"${SRCROOT}/Pods/Target Support Files/Pods-GuillotineAppTests/Pods-GuillotineAppTests-resources.sh\"\n";
			showEnvVarsInLog = 0;
		};
		5C3889719FE0E699C4E827AA /* [CP] Check Pods Manifest.lock */ = {
			isa = PBXShellScriptBuildPhase;
			buildActionMask = 2147483647;
			files = (
			);
			inputPaths = (
				"${PODS_PODFILE_DIR_PATH}/Podfile.lock",
				"${PODS_ROOT}/Manifest.lock",
			);
			name = "[CP] Check Pods Manifest.lock";
			outputPaths = (
				"$(DERIVED_FILE_DIR)/Pods-GuillotineAppUITests-checkManifestLockResult.txt",
			);
			runOnlyForDeploymentPostprocessing = 0;
			shellPath = /bin/sh;
			shellScript = "diff \"${PODS_PODFILE_DIR_PATH}/Podfile.lock\" \"${PODS_ROOT}/Manifest.lock\" > /dev/null\nif [ $? != 0 ] ; then\n    # print error to STDERR\n    echo \"error: The sandbox is not in sync with the Podfile.lock. Run 'pod install' or update your CocoaPods installation.\" >&2\n    exit 1\nfi\n# This output is used by Xcode 'outputs' to avoid re-running this script phase.\necho \"SUCCESS\" > \"${SCRIPT_OUTPUT_FILE_0}\"\n";
			showEnvVarsInLog = 0;
		};
		7E41447882A828ADD6B7218C /* [CP] Check Pods Manifest.lock */ = {
			isa = PBXShellScriptBuildPhase;
			buildActionMask = 2147483647;
			files = (
			);
			inputPaths = (
				"${PODS_PODFILE_DIR_PATH}/Podfile.lock",
				"${PODS_ROOT}/Manifest.lock",
			);
			name = "[CP] Check Pods Manifest.lock";
			outputPaths = (
				"$(DERIVED_FILE_DIR)/Pods-GuillotineApp-checkManifestLockResult.txt",
			);
			runOnlyForDeploymentPostprocessing = 0;
			shellPath = /bin/sh;
			shellScript = "diff \"${PODS_PODFILE_DIR_PATH}/Podfile.lock\" \"${PODS_ROOT}/Manifest.lock\" > /dev/null\nif [ $? != 0 ] ; then\n    # print error to STDERR\n    echo \"error: The sandbox is not in sync with the Podfile.lock. Run 'pod install' or update your CocoaPods installation.\" >&2\n    exit 1\nfi\n# This output is used by Xcode 'outputs' to avoid re-running this script phase.\necho \"SUCCESS\" > \"${SCRIPT_OUTPUT_FILE_0}\"\n";
			showEnvVarsInLog = 0;
		};
		911493F2F1609008B47F56DC /* [CP] Embed Pods Frameworks */ = {
			isa = PBXShellScriptBuildPhase;
			buildActionMask = 2147483647;
			files = (
			);
			inputPaths = (
			);
			name = "[CP] Embed Pods Frameworks";
			outputPaths = (
			);
			runOnlyForDeploymentPostprocessing = 0;
			shellPath = /bin/sh;
			shellScript = "\"${SRCROOT}/Pods/Target Support Files/Pods-GuillotineAppUITests/Pods-GuillotineAppUITests-frameworks.sh\"\n";
			showEnvVarsInLog = 0;
		};
		A12FE4E8F6956133464F5EAF /* [CP] Check Pods Manifest.lock */ = {
			isa = PBXShellScriptBuildPhase;
			buildActionMask = 2147483647;
			files = (
			);
			inputPaths = (
				"${PODS_PODFILE_DIR_PATH}/Podfile.lock",
				"${PODS_ROOT}/Manifest.lock",
			);
			name = "[CP] Check Pods Manifest.lock";
			outputPaths = (
				"$(DERIVED_FILE_DIR)/Pods-GuillotineAppTests-checkManifestLockResult.txt",
			);
			runOnlyForDeploymentPostprocessing = 0;
			shellPath = /bin/sh;
			shellScript = "diff \"${PODS_PODFILE_DIR_PATH}/Podfile.lock\" \"${PODS_ROOT}/Manifest.lock\" > /dev/null\nif [ $? != 0 ] ; then\n    # print error to STDERR\n    echo \"error: The sandbox is not in sync with the Podfile.lock. Run 'pod install' or update your CocoaPods installation.\" >&2\n    exit 1\nfi\n# This output is used by Xcode 'outputs' to avoid re-running this script phase.\necho \"SUCCESS\" > \"${SCRIPT_OUTPUT_FILE_0}\"\n";
			showEnvVarsInLog = 0;
		};
		D510294CFE99189A3E13792A /* [CP] Embed Pods Frameworks */ = {
			isa = PBXShellScriptBuildPhase;
			buildActionMask = 2147483647;
			files = (
			);
			inputPaths = (
			);
			name = "[CP] Embed Pods Frameworks";
			outputPaths = (
			);
			runOnlyForDeploymentPostprocessing = 0;
			shellPath = /bin/sh;
			shellScript = "\"${SRCROOT}/Pods/Target Support Files/Pods-GuillotineAppTests/Pods-GuillotineAppTests-frameworks.sh\"\n";
			showEnvVarsInLog = 0;
		};
		DC100E1DF4BBB4F2CFA6CA29 /* [CP] Copy Pods Resources */ = {
			isa = PBXShellScriptBuildPhase;
			buildActionMask = 2147483647;
			files = (
			);
			inputPaths = (
			);
			name = "[CP] Copy Pods Resources";
			outputPaths = (
			);
			runOnlyForDeploymentPostprocessing = 0;
			shellPath = /bin/sh;
			shellScript = "\"${SRCROOT}/Pods/Target Support Files/Pods-GuillotineAppUITests/Pods-GuillotineAppUITests-resources.sh\"\n";
			showEnvVarsInLog = 0;
		};
		E4C67BDF702C5A9CC8BB42BD /* [CP] Copy Pods Resources */ = {
			isa = PBXShellScriptBuildPhase;
			buildActionMask = 2147483647;
			files = (
			);
			inputPaths = (
			);
			name = "[CP] Copy Pods Resources";
			outputPaths = (
			);
			runOnlyForDeploymentPostprocessing = 0;
			shellPath = /bin/sh;
			shellScript = "\"${SRCROOT}/Pods/Target Support Files/Pods-GuillotineApp/Pods-GuillotineApp-resources.sh\"\n";
			showEnvVarsInLog = 0;
		};
/* End PBXShellScriptBuildPhase section */

/* Begin PBXSourcesBuildPhase section */
		68252E39210D12550007EC86 /* Sources */ = {
			isa = PBXSourcesBuildPhase;
			buildActionMask = 2147483647;
			files = (
				68252E40210D12550007EC86 /* BackendTests.swift in Sources */,
			);
			runOnlyForDeploymentPostprocessing = 0;
		};
		688304011DEBEFD900FF59E3 /* Sources */ = {
			isa = PBXSourcesBuildPhase;
			buildActionMask = 2147483647;
			files = (
				6803954D2144B662000B4EB4 /* NewGameButton.swift in Sources */,
				6883040B1DEBEFD900FF59E3 /* ActiveGameViewController.swift in Sources */,
				50FBC2AA1E0915BA000E47DA /* CardButton.swift in Sources */,
				680395422140C866000B4EB4 /* GamesViewController.swift in Sources */,
				501FD0D01E5E8A54001F2DF5 /* Backend.swift in Sources */,
				68325C391DF719A300E7DCDE /* PlayType.swift in Sources */,
				505B5FB51E012A360086714C /* Game.swift in Sources */,
				68405712215346E00078851F /* ProdGameManager.swift in Sources */,
				6883043C1DEBF34900FF59E3 /* Suit.swift in Sources */,
				688304381DEBF15B00FF59E3 /* Play.swift in Sources */,
				68039549214233D4000B4EB4 /* GameMetadata.swift in Sources */,
				6803954B2144B4A8000B4EB4 /* HomePageViewController.swift in Sources */,
				683FF4DF215B5F3C0061FADE /* GameManagerProvider.swift in Sources */,
				6803954721422D23000B4EB4 /* LoadBalancer.swift in Sources */,
				688304091DEBEFD900FF59E3 /* AppDelegate.swift in Sources */,
				68405714215B513C0078851F /* GameManager.swift in Sources */,
				6882FB6D20752F3C00DDF6CC /* LoginViewController.swift in Sources */,
				6883043A1DEBF18F00FF59E3 /* Card.swift in Sources */,
				68405716215B52E10078851F /* TestGameManager.swift in Sources */,
				68252E362107788D0007EC86 /* CardContainer.swift in Sources */,
				68039544214223FA000B4EB4 /* GameCell.swift in Sources */,
			);
			runOnlyForDeploymentPostprocessing = 0;
		};
		688304151DEBEFD900FF59E3 /* Sources */ = {
			isa = PBXSourcesBuildPhase;
			buildActionMask = 2147483647;
			files = (
				68252E49210D12EC0007EC86 /* BackendIntegTests.swift in Sources */,
				50FBC2A81E090A2D000E47DA /* Card_Tests.swift in Sources */,
				6883041E1DEBEFD900FF59E3 /* Guillotine_Tests.swift in Sources */,
				6883043E1DEC210700FF59E3 /* Play_Tests.swift in Sources */,
			);
			runOnlyForDeploymentPostprocessing = 0;
		};
		688304201DEBEFD900FF59E3 /* Sources */ = {
			isa = PBXSourcesBuildPhase;
			buildActionMask = 2147483647;
			files = (
				688304291DEBEFD900FF59E3 /* Guillotine_UITests.swift in Sources */,
			);
			runOnlyForDeploymentPostprocessing = 0;
		};
/* End PBXSourcesBuildPhase section */

/* Begin PBXTargetDependency section */
		68252E43210D12550007EC86 /* PBXTargetDependency */ = {
			isa = PBXTargetDependency;
			target = 688304041DEBEFD900FF59E3 /* GuillotineApp */;
			targetProxy = 68252E42210D12550007EC86 /* PBXContainerItemProxy */;
		};
		6883041B1DEBEFD900FF59E3 /* PBXTargetDependency */ = {
			isa = PBXTargetDependency;
			target = 688304041DEBEFD900FF59E3 /* GuillotineApp */;
			targetProxy = 6883041A1DEBEFD900FF59E3 /* PBXContainerItemProxy */;
		};
		688304261DEBEFD900FF59E3 /* PBXTargetDependency */ = {
			isa = PBXTargetDependency;
			target = 688304041DEBEFD900FF59E3 /* GuillotineApp */;
			targetProxy = 688304251DEBEFD900FF59E3 /* PBXContainerItemProxy */;
		};
/* End PBXTargetDependency section */

/* Begin PBXVariantGroup section */
		6883040C1DEBEFD900FF59E3 /* Main.storyboard */ = {
			isa = PBXVariantGroup;
			children = (
				6883040D1DEBEFD900FF59E3 /* Base */,
			);
			name = Main.storyboard;
			sourceTree = "<group>";
		};
		688304111DEBEFD900FF59E3 /* LaunchScreen.storyboard */ = {
			isa = PBXVariantGroup;
			children = (
				688304121DEBEFD900FF59E3 /* Base */,
			);
			name = LaunchScreen.storyboard;
			sourceTree = "<group>";
		};
/* End PBXVariantGroup section */

/* Begin XCBuildConfiguration section */
		68252E45210D12550007EC86 /* Debug */ = {
			isa = XCBuildConfiguration;
			buildSettings = {
				BUNDLE_LOADER = "$(TEST_HOST)";
				CLANG_ANALYZER_NUMBER_OBJECT_CONVERSION = YES_AGGRESSIVE;
				CLANG_CXX_LANGUAGE_STANDARD = "gnu++14";
				CLANG_ENABLE_OBJC_WEAK = YES;
				CLANG_WARN_DEPRECATED_OBJC_IMPLEMENTATIONS = YES;
				CLANG_WARN_OBJC_IMPLICIT_RETAIN_SELF = YES;
				CLANG_WARN_UNGUARDED_AVAILABILITY = YES_AGGRESSIVE;
				CODE_SIGN_IDENTITY = "iPhone Developer";
				CODE_SIGN_STYLE = Automatic;
				GCC_C_LANGUAGE_STANDARD = gnu11;
				INFOPLIST_FILE = BackendTests/Info.plist;
				IPHONEOS_DEPLOYMENT_TARGET = 11.3;
				LD_RUNPATH_SEARCH_PATHS = "$(inherited) @executable_path/Frameworks @loader_path/Frameworks";
				PRODUCT_BUNDLE_IDENTIFIER = josephkesting.BackendTests;
				PRODUCT_NAME = "$(TARGET_NAME)";
				SWIFT_VERSION = 4.0;
				TARGETED_DEVICE_FAMILY = "1,2";
				TEST_HOST = "$(BUILT_PRODUCTS_DIR)/GuillotineApp.app/GuillotineApp";
			};
			name = Debug;
		};
		68252E46210D12550007EC86 /* Release */ = {
			isa = XCBuildConfiguration;
			buildSettings = {
				BUNDLE_LOADER = "$(TEST_HOST)";
				CLANG_ANALYZER_NUMBER_OBJECT_CONVERSION = YES_AGGRESSIVE;
				CLANG_CXX_LANGUAGE_STANDARD = "gnu++14";
				CLANG_ENABLE_OBJC_WEAK = YES;
				CLANG_WARN_DEPRECATED_OBJC_IMPLEMENTATIONS = YES;
				CLANG_WARN_OBJC_IMPLICIT_RETAIN_SELF = YES;
				CLANG_WARN_UNGUARDED_AVAILABILITY = YES_AGGRESSIVE;
				CODE_SIGN_IDENTITY = "iPhone Developer";
				CODE_SIGN_STYLE = Automatic;
				GCC_C_LANGUAGE_STANDARD = gnu11;
				INFOPLIST_FILE = BackendTests/Info.plist;
				IPHONEOS_DEPLOYMENT_TARGET = 11.3;
				LD_RUNPATH_SEARCH_PATHS = "$(inherited) @executable_path/Frameworks @loader_path/Frameworks";
				PRODUCT_BUNDLE_IDENTIFIER = josephkesting.BackendTests;
				PRODUCT_NAME = "$(TARGET_NAME)";
				SWIFT_VERSION = 4.0;
				TARGETED_DEVICE_FAMILY = "1,2";
				TEST_HOST = "$(BUILT_PRODUCTS_DIR)/GuillotineApp.app/GuillotineApp";
			};
			name = Release;
		};
		6883042B1DEBEFD900FF59E3 /* Debug */ = {
			isa = XCBuildConfiguration;
			buildSettings = {
				ALWAYS_SEARCH_USER_PATHS = NO;
				CLANG_ANALYZER_NONNULL = YES;
				CLANG_CXX_LANGUAGE_STANDARD = "gnu++0x";
				CLANG_CXX_LIBRARY = "libc++";
				CLANG_ENABLE_MODULES = YES;
				CLANG_ENABLE_OBJC_ARC = YES;
				CLANG_WARN_BLOCK_CAPTURE_AUTORELEASING = YES;
				CLANG_WARN_BOOL_CONVERSION = YES;
				CLANG_WARN_COMMA = YES;
				CLANG_WARN_CONSTANT_CONVERSION = YES;
				CLANG_WARN_DIRECT_OBJC_ISA_USAGE = YES_ERROR;
				CLANG_WARN_DOCUMENTATION_COMMENTS = YES;
				CLANG_WARN_EMPTY_BODY = YES;
				CLANG_WARN_ENUM_CONVERSION = YES;
				CLANG_WARN_INFINITE_RECURSION = YES;
				CLANG_WARN_INT_CONVERSION = YES;
				CLANG_WARN_NON_LITERAL_NULL_CONVERSION = YES;
				CLANG_WARN_OBJC_LITERAL_CONVERSION = YES;
				CLANG_WARN_OBJC_ROOT_CLASS = YES_ERROR;
				CLANG_WARN_RANGE_LOOP_ANALYSIS = YES;
				CLANG_WARN_STRICT_PROTOTYPES = YES;
				CLANG_WARN_SUSPICIOUS_MOVE = YES;
				CLANG_WARN_SUSPICIOUS_MOVES = YES;
				CLANG_WARN_UNREACHABLE_CODE = YES;
				CLANG_WARN__DUPLICATE_METHOD_MATCH = YES;
				"CODE_SIGN_IDENTITY[sdk=iphoneos*]" = "iPhone Developer";
				COPY_PHASE_STRIP = NO;
				DEBUG_INFORMATION_FORMAT = dwarf;
				ENABLE_STRICT_OBJC_MSGSEND = YES;
				ENABLE_TESTABILITY = YES;
				GCC_C_LANGUAGE_STANDARD = gnu99;
				GCC_DYNAMIC_NO_PIC = NO;
				GCC_NO_COMMON_BLOCKS = YES;
				GCC_OPTIMIZATION_LEVEL = 0;
				GCC_PREPROCESSOR_DEFINITIONS = (
					"DEBUG=1",
					"$(inherited)",
				);
				GCC_WARN_64_TO_32_BIT_CONVERSION = YES;
				GCC_WARN_ABOUT_RETURN_TYPE = YES_ERROR;
				GCC_WARN_UNDECLARED_SELECTOR = YES;
				GCC_WARN_UNINITIALIZED_AUTOS = YES_AGGRESSIVE;
				GCC_WARN_UNUSED_FUNCTION = YES;
				GCC_WARN_UNUSED_VARIABLE = YES;
				IPHONEOS_DEPLOYMENT_TARGET = 10.1;
				MTL_ENABLE_DEBUG_INFO = YES;
				ONLY_ACTIVE_ARCH = YES;
				SDKROOT = iphoneos;
				SWIFT_ACTIVE_COMPILATION_CONDITIONS = DEBUG;
				SWIFT_OPTIMIZATION_LEVEL = "-Onone";
				SWIFT_VERSION = 4.2;
				TARGETED_DEVICE_FAMILY = "1,2";
			};
			name = Debug;
		};
		6883042C1DEBEFD900FF59E3 /* Release */ = {
			isa = XCBuildConfiguration;
			baseConfigurationReference = 229575EC56D78167F47B94BC /* Pods-GuillotineApp.release.xcconfig */;
			buildSettings = {
				ALWAYS_SEARCH_USER_PATHS = NO;
				CLANG_ANALYZER_NONNULL = YES;
				CLANG_CXX_LANGUAGE_STANDARD = "gnu++0x";
				CLANG_CXX_LIBRARY = "libc++";
				CLANG_ENABLE_MODULES = YES;
				CLANG_ENABLE_OBJC_ARC = YES;
				CLANG_WARN_BLOCK_CAPTURE_AUTORELEASING = YES;
				CLANG_WARN_BOOL_CONVERSION = YES;
				CLANG_WARN_COMMA = YES;
				CLANG_WARN_CONSTANT_CONVERSION = YES;
				CLANG_WARN_DIRECT_OBJC_ISA_USAGE = YES_ERROR;
				CLANG_WARN_DOCUMENTATION_COMMENTS = YES;
				CLANG_WARN_EMPTY_BODY = YES;
				CLANG_WARN_ENUM_CONVERSION = YES;
				CLANG_WARN_INFINITE_RECURSION = YES;
				CLANG_WARN_INT_CONVERSION = YES;
				CLANG_WARN_NON_LITERAL_NULL_CONVERSION = YES;
				CLANG_WARN_OBJC_LITERAL_CONVERSION = YES;
				CLANG_WARN_OBJC_ROOT_CLASS = YES_ERROR;
				CLANG_WARN_RANGE_LOOP_ANALYSIS = YES;
				CLANG_WARN_STRICT_PROTOTYPES = YES;
				CLANG_WARN_SUSPICIOUS_MOVE = YES;
				CLANG_WARN_SUSPICIOUS_MOVES = YES;
				CLANG_WARN_UNREACHABLE_CODE = YES;
				CLANG_WARN__DUPLICATE_METHOD_MATCH = YES;
				"CODE_SIGN_IDENTITY[sdk=iphoneos*]" = "iPhone Developer";
				COPY_PHASE_STRIP = NO;
				DEBUG_INFORMATION_FORMAT = "dwarf-with-dsym";
				ENABLE_NS_ASSERTIONS = NO;
				ENABLE_STRICT_OBJC_MSGSEND = YES;
				GCC_C_LANGUAGE_STANDARD = gnu99;
				GCC_NO_COMMON_BLOCKS = YES;
				GCC_WARN_64_TO_32_BIT_CONVERSION = YES;
				GCC_WARN_ABOUT_RETURN_TYPE = YES_ERROR;
				GCC_WARN_UNDECLARED_SELECTOR = YES;
				GCC_WARN_UNINITIALIZED_AUTOS = YES_AGGRESSIVE;
				GCC_WARN_UNUSED_FUNCTION = YES;
				GCC_WARN_UNUSED_VARIABLE = YES;
				IPHONEOS_DEPLOYMENT_TARGET = 10.1;
				MTL_ENABLE_DEBUG_INFO = NO;
				SDKROOT = iphoneos;
				SWIFT_OPTIMIZATION_LEVEL = "-Owholemodule";
				SWIFT_VERSION = 4.2;
				TARGETED_DEVICE_FAMILY = "1,2";
				VALIDATE_PRODUCT = YES;
			};
			name = Release;
		};
		6883042E1DEBEFD900FF59E3 /* Debug */ = {
			isa = XCBuildConfiguration;
			baseConfigurationReference = BD34F640E336000DD7DEFEAC /* Pods-GuillotineApp.debug.xcconfig */;
			buildSettings = {
				ASSETCATALOG_COMPILER_APPICON_NAME = AppIcon;
				INFOPLIST_FILE = "Guillotine!/Info.plist";
				LD_RUNPATH_SEARCH_PATHS = "$(inherited) @executable_path/Frameworks";
				PRODUCT_BUNDLE_IDENTIFIER = "com.guillotine.josephkesting.Guillotine-";
				PRODUCT_NAME = "$(TARGET_NAME)";
				SWIFT_SWIFT3_OBJC_INFERENCE = On;
				SWIFT_VERSION = 4.0;
			};
			name = Debug;
		};
		6883042F1DEBEFD900FF59E3 /* Release */ = {
			isa = XCBuildConfiguration;
			baseConfigurationReference = 229575EC56D78167F47B94BC /* Pods-GuillotineApp.release.xcconfig */;
			buildSettings = {
				ASSETCATALOG_COMPILER_APPICON_NAME = AppIcon;
				INFOPLIST_FILE = "Guillotine!/Info.plist";
				LD_RUNPATH_SEARCH_PATHS = "$(inherited) @executable_path/Frameworks";
				PRODUCT_BUNDLE_IDENTIFIER = "com.guillotine.josephkesting.Guillotine-";
				PRODUCT_NAME = "$(TARGET_NAME)";
				SWIFT_SWIFT3_OBJC_INFERENCE = On;
				SWIFT_VERSION = 4.0;
			};
			name = Release;
		};
		688304311DEBEFD900FF59E3 /* Debug */ = {
			isa = XCBuildConfiguration;
			baseConfigurationReference = ADD959B756FDDEF8CE50AAFD /* Pods-GuillotineAppTests.debug.xcconfig */;
			buildSettings = {
				ALWAYS_EMBED_SWIFT_STANDARD_LIBRARIES = YES;
				BUNDLE_LOADER = "$(TEST_HOST)";
				INFOPLIST_FILE = "Guillotine!Tests/Info.plist";
				LD_RUNPATH_SEARCH_PATHS = "$(inherited) @executable_path/Frameworks @loader_path/Frameworks";
				PRODUCT_BUNDLE_IDENTIFIER = "com.guillotine.josephkesting.Guillotine-Tests";
				PRODUCT_NAME = "$(TARGET_NAME)";
				SWIFT_SWIFT3_OBJC_INFERENCE = On;
				SWIFT_VERSION = 4.0;
				TEST_HOST = "$(BUILT_PRODUCTS_DIR)/GuillotineApp.app/GuillotineApp";
			};
			name = Debug;
		};
		688304321DEBEFD900FF59E3 /* Release */ = {
			isa = XCBuildConfiguration;
			baseConfigurationReference = 1585BCC944747BCD18E709A7 /* Pods-GuillotineAppTests.release.xcconfig */;
			buildSettings = {
				ALWAYS_EMBED_SWIFT_STANDARD_LIBRARIES = YES;
				BUNDLE_LOADER = "$(TEST_HOST)";
				INFOPLIST_FILE = "Guillotine!Tests/Info.plist";
				LD_RUNPATH_SEARCH_PATHS = "$(inherited) @executable_path/Frameworks @loader_path/Frameworks";
				PRODUCT_BUNDLE_IDENTIFIER = "com.guillotine.josephkesting.Guillotine-Tests";
				PRODUCT_NAME = "$(TARGET_NAME)";
				SWIFT_SWIFT3_OBJC_INFERENCE = On;
				SWIFT_VERSION = 4.0;
				TEST_HOST = "$(BUILT_PRODUCTS_DIR)/GuillotineApp.app/GuillotineApp";
			};
			name = Release;
		};
		688304341DEBEFD900FF59E3 /* Debug */ = {
			isa = XCBuildConfiguration;
			baseConfigurationReference = 67E9A58B63AF39BD6FB76A5D /* Pods-GuillotineAppUITests.debug.xcconfig */;
			buildSettings = {
				ALWAYS_EMBED_SWIFT_STANDARD_LIBRARIES = YES;
				INFOPLIST_FILE = "Guillotine!UITests/Info.plist";
				LD_RUNPATH_SEARCH_PATHS = "$(inherited) @executable_path/Frameworks @loader_path/Frameworks";
				PRODUCT_BUNDLE_IDENTIFIER = "com.guillotine.josephkesting.Guillotine-UITests";
				PRODUCT_NAME = "$(TARGET_NAME)";
				SWIFT_SWIFT3_OBJC_INFERENCE = On;
				SWIFT_VERSION = 4.0;
				TEST_TARGET_NAME = "Guillotine!";
			};
			name = Debug;
		};
		688304351DEBEFD900FF59E3 /* Release */ = {
			isa = XCBuildConfiguration;
			baseConfigurationReference = 12FE03E090B6046D68AE36FC /* Pods-GuillotineAppUITests.release.xcconfig */;
			buildSettings = {
				ALWAYS_EMBED_SWIFT_STANDARD_LIBRARIES = YES;
				INFOPLIST_FILE = "Guillotine!UITests/Info.plist";
				LD_RUNPATH_SEARCH_PATHS = "$(inherited) @executable_path/Frameworks @loader_path/Frameworks";
				PRODUCT_BUNDLE_IDENTIFIER = "com.guillotine.josephkesting.Guillotine-UITests";
				PRODUCT_NAME = "$(TARGET_NAME)";
				SWIFT_SWIFT3_OBJC_INFERENCE = On;
				SWIFT_VERSION = 4.0;
				TEST_TARGET_NAME = "Guillotine!";
			};
			name = Release;
		};
/* End XCBuildConfiguration section */

/* Begin XCConfigurationList section */
		68252E44210D12550007EC86 /* Build configuration list for PBXNativeTarget "BackendTests" */ = {
			isa = XCConfigurationList;
			buildConfigurations = (
				68252E45210D12550007EC86 /* Debug */,
				68252E46210D12550007EC86 /* Release */,
			);
			defaultConfigurationIsVisible = 0;
			defaultConfigurationName = Release;
		};
		688304001DEBEFD900FF59E3 /* Build configuration list for PBXProject "GuillotineApp" */ = {
			isa = XCConfigurationList;
			buildConfigurations = (
				6883042B1DEBEFD900FF59E3 /* Debug */,
				6883042C1DEBEFD900FF59E3 /* Release */,
			);
			defaultConfigurationIsVisible = 0;
			defaultConfigurationName = Release;
		};
		6883042D1DEBEFD900FF59E3 /* Build configuration list for PBXNativeTarget "GuillotineApp" */ = {
			isa = XCConfigurationList;
			buildConfigurations = (
				6883042E1DEBEFD900FF59E3 /* Debug */,
				6883042F1DEBEFD900FF59E3 /* Release */,
			);
			defaultConfigurationIsVisible = 0;
			defaultConfigurationName = Release;
		};
		688304301DEBEFD900FF59E3 /* Build configuration list for PBXNativeTarget "GuillotineAppTests" */ = {
			isa = XCConfigurationList;
			buildConfigurations = (
				688304311DEBEFD900FF59E3 /* Debug */,
				688304321DEBEFD900FF59E3 /* Release */,
			);
			defaultConfigurationIsVisible = 0;
			defaultConfigurationName = Release;
		};
		688304331DEBEFD900FF59E3 /* Build configuration list for PBXNativeTarget "GuillotineAppUITests" */ = {
			isa = XCConfigurationList;
			buildConfigurations = (
				688304341DEBEFD900FF59E3 /* Debug */,
				688304351DEBEFD900FF59E3 /* Release */,
			);
			defaultConfigurationIsVisible = 0;
			defaultConfigurationName = Release;
		};
/* End XCConfigurationList section */
	};
	rootObject = 688303FD1DEBEFD900FF59E3 /* Project object */;
}
